%{
  "assertions": {:hex, :assertions, "0.18.1", "a7e1e0c65dacac7d6c010345f2831e63e1897ba0c028c608fc508677c662d3d4", [:mix], [], "hexpm", "3b0479514b8f5ef5cb2a193202e792f60f87554a72d3b9c6fd791da0d81ae1e1"},
  "bunt": {:hex, :bunt, "0.2.0", "951c6e801e8b1d2cbe58ebbd3e616a869061ddadcc4863d0a2182541acae9a38", [:mix], [], "hexpm", "7af5c7e09fe1d40f76c8e4f9dd2be7cebd83909f31fee7cd0e9eadc567da8353"},
  "comb": {:git, "https://github.com/tallakt/comb.git", "e6660924891d88d798494ab0c5adeefb29fae8b8", [tag: "master"]},
  "credo": {:hex, :credo, "1.5.4", "9914180105b438e378e94a844ec3a5088ae5875626fc945b7c1462b41afc3198", [:mix], [{:bunt, "~> 0.2.0", [hex: :bunt, repo: "hexpm", optional: false]}, {:file_system, "~> 0.2.8", [hex: :file_system, repo: "hexpm", optional: false]}, {:jason, "~> 1.0", [hex: :jason, repo: "hexpm", optional: false]}], "hexpm", "cf51af45eadc0a3f39ba13b56fdac415c91b34f7b7533a13dc13550277141bc4"},
  "file_system": {:hex, :file_system, "0.2.10", "fb082005a9cd1711c05b5248710f8826b02d7d1784e7c3451f9c1231d4fc162d", [:mix], [], "hexpm", "41195edbfb562a593726eda3b3e8b103a309b733ad25f3d642ba49696bf715dc"},
  "jason": {:hex, :jason, "1.2.2", "ba43e3f2709fd1aa1dce90aaabfd039d000469c05c56f0b8e31978e03fa39052", [:mix], [{:decimal, "~> 1.0 or ~> 2.0", [hex: :decimal, repo: "hexpm", optional: true]}], "hexpm", "18a228f5f0058ee183f29f9eae0805c6e59d61c3b006760668d8d18ff0d12179"},
  "socket": {:hex, :socket, "0.3.13", "98a2ab20ce17f95fb512c5cadddba32b57273e0d2dba2d2e5f976c5969d0c632", [:mix], [], "hexpm", "f82ea9833ef49dde272e6568ab8aac657a636acb4cf44a7de8a935acb8957c2e"},
  "x_util": {:git, "https://github.com/X-Plane/elixir-xutil.git", "db1553b9e5ca232b53c0323e7c88582667f0e300", [branch: "main"]},
}
